
Microsoft Visual Studio Solution File, Format Version 12.00
# Visual Studio Version 16
VisualStudioVersion = 16.0.30804.86
MinimumVisualStudioVersion = 10.0.40219.1
Project("{FAE04EC0-301F-11D3-BF4B-00C04F79EFBC}") = "IMCCodingTest.Android", "IMCCodingTest\IMCCodingTest.Android\IMCCodingTest.Android.csproj", "{F048273F-DD1F-45D5-8E30-96EA27C5DE50}"
EndProject
Project("{9A19103F-16F7-4668-BE54-9A1E7A4F7556}") = "IMCCodingTest", "IMCCodingTest\IMCCodingTest\IMCCodingTest.csproj", "{059842BD-78B4-4DFD-8FD9-9F45534BAAEB}"
EndProject
Project("{FAE04EC0-301F-11D3-BF4B-00C04F79EFBC}") = "IMCCodingTestUnitTests", "IMCCodingTestUnitTests\IMCCodingTestUnitTests.csproj", "{D991CF86-B8B9-4683-8B86-C2E19769EC9A}"
EndProject
Global
	GlobalSection(SolutionConfigurationPlatforms) = preSolution
		Debug|Any CPU = Debug|Any CPU
		Release|Any CPU = Release|Any CPU
	EndGlobalSection
	GlobalSection(ProjectConfigurationPlatforms) = postSolution
		{F048273F-DD1F-45D5-8E30-96EA27C5DE50}.Debug|Any CPU.ActiveCfg = Debug|Any CPU
		{F048273F-DD1F-45D5-8E30-96EA27C5DE50}.Debug|Any CPU.Build.0 = Debug|Any CPU
		{F048273F-DD1F-45D5-8E30-96EA27C5DE50}.Debug|Any CPU.Deploy.0 = Debug|Any CPU
		{F048273F-DD1F-45D5-8E30-96EA27C5DE50}.Release|Any CPU.ActiveCfg = Release|Any CPU
		{F048273F-DD1F-45D5-8E30-96EA27C5DE50}.Release|Any CPU.Build.0 = Release|Any CPU
		{F048273F-DD1F-45D5-8E30-96EA27C5DE50}.Release|Any CPU.Deploy.0 = Release|Any CPU
		{059842BD-78B4-4DFD-8FD9-9F45534BAAEB}.Debug|Any CPU.ActiveCfg = Debug|Any CPU
		{059842BD-78B4-4DFD-8FD9-9F45534BAAEB}.Debug|Any CPU.Build.0 = Debug|Any CPU
		{059842BD-78B4-4DFD-8FD9-9F45534BAAEB}.Debug|Any CPU.Deploy.0 = Debug|Any CPU
		{059842BD-78B4-4DFD-8FD9-9F45534BAAEB}.Release|Any CPU.ActiveCfg = Release|Any CPU
		{059842BD-78B4-4DFD-8FD9-9F45534BAAEB}.Release|Any CPU.Build.0 = Release|Any CPU
		{059842BD-78B4-4DFD-8FD9-9F45534BAAEB}.Release|Any CPU.Deploy.0 = Release|Any CPU
		{D991CF86-B8B9-4683-8B86-C2E19769EC9A}.Debug|Any CPU.ActiveCfg = Debug|Any CPU
		{D991CF86-B8B9-4683-8B86-C2E19769EC9A}.Debug|Any CPU.Build.0 = Debug|Any CPU
		{D991CF86-B8B9-4683-8B86-C2E19769EC9A}.Release|Any CPU.ActiveCfg = Release|Any CPU
		{D991CF86-B8B9-4683-8B86-C2E19769EC9A}.Release|Any CPU.Build.0 = Release|Any CPU
	EndGlobalSection
	GlobalSection(SolutionProperties) = preSolution
		HideSolutionNode = FALSE
	EndGlobalSection
	GlobalSection(ExtensibilityGlobals) = postSolution
		SolutionGuid = {4819B074-C972-4798-8D30-0834942144C1}
	EndGlobalSection
EndGlobal
